
Microsoft Visual Studio Solution File, Format Version 12.00
# Visual Studio 14
VisualStudioVersion = 14.0.24720.0
MinimumVisualStudioVersion = 10.0.40219.1
Project("{FAE04EC0-301F-11D3-BF4B-00C04F79EFBC}") = "RestSql", "RestSql\RestSql.csproj", "{8141D14E-9232-4C89-A0A0-2BC0A780CD5C}"
EndProject
Global
	GlobalSection(SolutionConfigurationPlatforms) = preSolution
		Debug|Any CPU = Debug|Any CPU
		Release|Any CPU = Release|Any CPU
	EndGlobalSection
	GlobalSection(ProjectConfigurationPlatforms) = postSolution
		{8141D14E-9232-4C89-A0A0-2BC0A780CD5C}.Debug|Any CPU.ActiveCfg = Debug|Any CPU
		{8141D14E-9232-4C89-A0A0-2BC0A780CD5C}.Debug|Any CPU.Build.0 = Debug|Any CPU
		{8141D14E-9232-4C89-A0A0-2BC0A780CD5C}.Release|Any CPU.ActiveCfg = Release|Any CPU
		{8141D14E-9232-4C89-A0A0-2BC0A780CD5C}.Release|Any CPU.Build.0 = Release|Any CPU
	EndGlobalSection
	GlobalSection(SolutionProperties) = preSolution
		HideSolutionNode = FALSE
	EndGlobalSection
EndGlobal
